
Microsoft Visual Studio Solution File, Format Version 12.00
# Visual Studio Version 16
VisualStudioVersion = 16.0.28922.388
MinimumVisualStudioVersion = 10.0.40219.1
Project("{8BC9CEB8-8B4A-11D0-8D11-00A0C91BC942}") = "stack", "stack\stack.vcxproj", "{AEBAABD4-F137-4F2D-86DE-12012AFA825D}"
EndProject
Global
	GlobalSection(SolutionConfigurationPlatforms) = preSolution
		Debug|x64 = Debug|x64
		Debug|x86 = Debug|x86
		Release|x64 = Release|x64
		Release|x86 = Release|x86
	EndGlobalSection
	GlobalSection(ProjectConfigurationPlatforms) = postSolution
		{AEBAABD4-F137-4F2D-86DE-12012AFA825D}.Debug|x64.ActiveCfg = Debug|x64
		{AEBAABD4-F137-4F2D-86DE-12012AFA825D}.Debug|x64.Build.0 = Debug|x64
		{AEBAABD4-F137-4F2D-86DE-12012AFA825D}.Debug|x86.ActiveCfg = Debug|Win32
		{AEBAABD4-F137-4F2D-86DE-12012AFA825D}.Debug|x86.Build.0 = Debug|Win32
		{AEBAABD4-F137-4F2D-86DE-12012AFA825D}.Release|x64.ActiveCfg = Release|x64
		{AEBAABD4-F137-4F2D-86DE-12012AFA825D}.Release|x64.Build.0 = Release|x64
		{AEBAABD4-F137-4F2D-86DE-12012AFA825D}.Release|x86.ActiveCfg = Release|Win32
		{AEBAABD4-F137-4F2D-86DE-12012AFA825D}.Release|x86.Build.0 = Release|Win32
	EndGlobalSection
	GlobalSection(SolutionProperties) = preSolution
		HideSolutionNode = FALSE
	EndGlobalSection
	GlobalSection(ExtensibilityGlobals) = postSolution
		SolutionGuid = {32FC7A26-1ECC-42F1-997D-784DC37803D6}
	EndGlobalSection
EndGlobal
